
Microsoft Visual Studio Solution File, Format Version 12.00
# Visual Studio Version 17
VisualStudioVersion = 17.9.34622.214
MinimumVisualStudioVersion = 10.0.40219.1
Project("{888888A0-9F3D-457C-B088-3A5042F75D52}") = "UniLab5", "UniLab5.pyproj", "{B87E19A2-A34C-4721-AAF4-2868F4FE459F}"
EndProject
Global
	GlobalSection(SolutionConfigurationPlatforms) = preSolution
		Debug|Any CPU = Debug|Any CPU
		Release|Any CPU = Release|Any CPU
	EndGlobalSection
	GlobalSection(ProjectConfigurationPlatforms) = postSolution
		{B87E19A2-A34C-4721-AAF4-2868F4FE459F}.Debug|Any CPU.ActiveCfg = Debug|Any CPU
		{B87E19A2-A34C-4721-AAF4-2868F4FE459F}.Release|Any CPU.ActiveCfg = Release|Any CPU
	EndGlobalSection
	GlobalSection(SolutionProperties) = preSolution
		HideSolutionNode = FALSE
	EndGlobalSection
	GlobalSection(ExtensibilityGlobals) = postSolution
		SolutionGuid = {32BA13A9-9EC4-498E-ADDB-A00C1EE7AE62}
	EndGlobalSection
EndGlobal
